
Microsoft Visual Studio Solution File, Format Version 12.00
# Visual Studio 14
VisualStudioVersion = 14.0.25420.1
MinimumVisualStudioVersion = 10.0.40219.1
Project("{FAE04EC0-301F-11D3-BF4B-00C04F79EFBC}") = "rssSandbox", "rssSandbox\rssSandbox.csproj", "{CA357B35-A7F1-44DA-9CBF-AF51AC9DD026}"
EndProject
Project("{FAE04EC0-301F-11D3-BF4B-00C04F79EFBC}") = "rssSandboxClient", "rssSandboxClient\rssSandboxClient.csproj", "{B2DB4420-2E08-42D4-9013-C1999E0CCCE6}"
EndProject
Global
	GlobalSection(SolutionConfigurationPlatforms) = preSolution
		Debug|Any CPU = Debug|Any CPU
		Release|Any CPU = Release|Any CPU
	EndGlobalSection
	GlobalSection(ProjectConfigurationPlatforms) = postSolution
		{CA357B35-A7F1-44DA-9CBF-AF51AC9DD026}.Debug|Any CPU.ActiveCfg = Debug|Any CPU
		{CA357B35-A7F1-44DA-9CBF-AF51AC9DD026}.Debug|Any CPU.Build.0 = Debug|Any CPU
		{CA357B35-A7F1-44DA-9CBF-AF51AC9DD026}.Release|Any CPU.ActiveCfg = Release|Any CPU
		{CA357B35-A7F1-44DA-9CBF-AF51AC9DD026}.Release|Any CPU.Build.0 = Release|Any CPU
		{B2DB4420-2E08-42D4-9013-C1999E0CCCE6}.Debug|Any CPU.ActiveCfg = Debug|Any CPU
		{B2DB4420-2E08-42D4-9013-C1999E0CCCE6}.Debug|Any CPU.Build.0 = Debug|Any CPU
		{B2DB4420-2E08-42D4-9013-C1999E0CCCE6}.Release|Any CPU.ActiveCfg = Release|Any CPU
		{B2DB4420-2E08-42D4-9013-C1999E0CCCE6}.Release|Any CPU.Build.0 = Release|Any CPU
	EndGlobalSection
	GlobalSection(SolutionProperties) = preSolution
		HideSolutionNode = FALSE
	EndGlobalSection
EndGlobal
